
Microsoft Visual Studio Solution File, Format Version 12.00
# Visual Studio Version 17
VisualStudioVersion = 17.5.002.0
MinimumVisualStudioVersion = 10.0.40219.1
Project("{2150E333-8FDC-42A3-9474-1A3956D46DE8}") = "Labfiles", "Labfiles", "{DBFFA3E3-BD7F-4C25-A6AF-275B4F30A75A}"
EndProject
Project("{2150E333-8FDC-42A3-9474-1A3956D46DE8}") = "01-analyze-text", "01-analyze-text", "{28ED4035-DA1B-4568-98EB-5A3E61D97D9E}"
EndProject
Project("{2150E333-8FDC-42A3-9474-1A3956D46DE8}") = "C-Sharp", "C-Sharp", "{6F71C658-3903-4774-8B59-D5F8BB2EC94E}"
EndProject
Project("{9A19103F-16F7-4668-BE54-9A1E7A4F7556}") = "text-analysis", "Labfiles\01-analyze-text\C-Sharp\text-analysis\text-analysis.csproj", "{5A4B7836-9DB3-41D8-B4F7-83655661E0DE}"
EndProject
Project("{2150E333-8FDC-42A3-9474-1A3956D46DE8}") = "02-qna", "02-qna", "{E95768AC-8CE3-4EE4-B41D-FD5FDBA37720}"
EndProject
Project("{2150E333-8FDC-42A3-9474-1A3956D46DE8}") = "C-Sharp", "C-Sharp", "{167C97AC-0CB4-4D0F-9721-9B226DDE769E}"
EndProject
Project("{9A19103F-16F7-4668-BE54-9A1E7A4F7556}") = "qna-app", "Labfiles\02-qna\C-Sharp\qna-app\qna-app.csproj", "{D8AA38D3-D428-412B-9BED-A473087B4DA9}"
EndProject
Project("{2150E333-8FDC-42A3-9474-1A3956D46DE8}") = "03-language", "03-language", "{DDC13E8E-3939-4278-80E7-87CBBBD8A191}"
EndProject
Project("{2150E333-8FDC-42A3-9474-1A3956D46DE8}") = "C-Sharp", "C-Sharp", "{3806383E-F3B0-47E7-92FF-5AF3F58AD062}"
EndProject
Project("{9A19103F-16F7-4668-BE54-9A1E7A4F7556}") = "clock_client", "Labfiles\03-language\C-Sharp\clock-client\clock_client.csproj", "{BBCFA076-0FED-4851-AB17-01E4C05405EA}"
EndProject
Project("{2150E333-8FDC-42A3-9474-1A3956D46DE8}") = "04-text-classification", "04-text-classification", "{B6A1D687-C8BE-4C62-A130-3125C038EC95}"
EndProject
Project("{2150E333-8FDC-42A3-9474-1A3956D46DE8}") = "C-Sharp", "C-Sharp", "{38C7AB8D-3094-4982-B1E2-7A6875A7A8F9}"
EndProject
Project("{9A19103F-16F7-4668-BE54-9A1E7A4F7556}") = "classify-text", "Labfiles\04-text-classification\C-Sharp\classify-text\classify-text.csproj", "{0B1D1B0B-6ABA-4599-8EB3-710624AE53A9}"
EndProject
Project("{2150E333-8FDC-42A3-9474-1A3956D46DE8}") = "05-custom-entity-recognition", "05-custom-entity-recognition", "{5412BF72-D8D1-4054-BEB8-D2A792EAC614}"
EndProject
Project("{2150E333-8FDC-42A3-9474-1A3956D46DE8}") = "C-Sharp", "C-Sharp", "{452A02F9-A6AF-4793-B8A9-09629A9ED80F}"
EndProject
Project("{9A19103F-16F7-4668-BE54-9A1E7A4F7556}") = "custom-entities", "Labfiles\05-custom-entity-recognition\C-Sharp\custom-entities\custom-entities.csproj", "{27A410F9-A2E3-4754-A964-A07B9B6FC0D7}"
EndProject
Project("{2150E333-8FDC-42A3-9474-1A3956D46DE8}") = "06-translate-text", "06-translate-text", "{64110773-1429-459D-8106-19131DD1A879}"
EndProject
Project("{2150E333-8FDC-42A3-9474-1A3956D46DE8}") = "C-Sharp", "C-Sharp", "{96115665-1FD9-4B20-B504-6D3039B04542}"
EndProject
Project("{9A19103F-16F7-4668-BE54-9A1E7A4F7556}") = "translate_text", "Labfiles\06-translate-text\C-Sharp\text-translation\translate_text.csproj", "{695E8374-0A20-4DBC-A01B-1F645C3B9AA1}"
EndProject
Project("{2150E333-8FDC-42A3-9474-1A3956D46DE8}") = "06b-translator-sdk", "06b-translator-sdk", "{E8F960CA-C4EE-4596-BE75-285041A657F3}"
EndProject
Project("{2150E333-8FDC-42A3-9474-1A3956D46DE8}") = "C-Sharp", "C-Sharp", "{53B9E51D-1BD7-4F3A-9DFB-2BD7FB7E43A7}"
EndProject
Project("{9A19103F-16F7-4668-BE54-9A1E7A4F7556}") = "translate_text", "Labfiles\06b-translator-sdk\C-Sharp\translate-text\translate_text.csproj", "{BB8B5A53-5911-4572-8092-713FD71C6CFD}"
EndProject
Project("{2150E333-8FDC-42A3-9474-1A3956D46DE8}") = "07-speech", "07-speech", "{FF4471BB-8D27-42D3-A02D-386931CB18ED}"
EndProject
Project("{2150E333-8FDC-42A3-9474-1A3956D46DE8}") = "C-Sharp", "C-Sharp", "{F690E0BD-3BEC-4952-A5A9-09CB91049927}"
EndProject
Project("{9A19103F-16F7-4668-BE54-9A1E7A4F7556}") = "speaking-clock", "Labfiles\07-speech\C-Sharp\speaking-clock\speaking-clock.csproj", "{D2E29F08-5FB4-419B-9B78-30A7F2661184}"
EndProject
Project("{2150E333-8FDC-42A3-9474-1A3956D46DE8}") = "08-speech-translation", "08-speech-translation", "{0B60CEB5-E789-4E2E-BC22-5F82B715982E}"
EndProject
Project("{2150E333-8FDC-42A3-9474-1A3956D46DE8}") = "C-Sharp", "C-Sharp", "{4C9D0C93-0A51-449E-A072-DC7668A8D39D}"
EndProject
Project("{9A19103F-16F7-4668-BE54-9A1E7A4F7556}") = "translator", "Labfiles\08-speech-translation\C-Sharp\translator\translator.csproj", "{BDCBDCC7-C4FD-45E4-8E60-E6A7708FFBF1}"
EndProject
Global
	GlobalSection(SolutionConfigurationPlatforms) = preSolution
		Debug|Any CPU = Debug|Any CPU
		Release|Any CPU = Release|Any CPU
	EndGlobalSection
	GlobalSection(ProjectConfigurationPlatforms) = postSolution
		{5A4B7836-9DB3-41D8-B4F7-83655661E0DE}.Debug|Any CPU.ActiveCfg = Debug|Any CPU
		{5A4B7836-9DB3-41D8-B4F7-83655661E0DE}.Debug|Any CPU.Build.0 = Debug|Any CPU
		{5A4B7836-9DB3-41D8-B4F7-83655661E0DE}.Release|Any CPU.ActiveCfg = Release|Any CPU
		{5A4B7836-9DB3-41D8-B4F7-83655661E0DE}.Release|Any CPU.Build.0 = Release|Any CPU
		{D8AA38D3-D428-412B-9BED-A473087B4DA9}.Debug|Any CPU.ActiveCfg = Debug|Any CPU
		{D8AA38D3-D428-412B-9BED-A473087B4DA9}.Debug|Any CPU.Build.0 = Debug|Any CPU
		{D8AA38D3-D428-412B-9BED-A473087B4DA9}.Release|Any CPU.ActiveCfg = Release|Any CPU
		{D8AA38D3-D428-412B-9BED-A473087B4DA9}.Release|Any CPU.Build.0 = Release|Any CPU
		{BBCFA076-0FED-4851-AB17-01E4C05405EA}.Debug|Any CPU.ActiveCfg = Debug|Any CPU
		{BBCFA076-0FED-4851-AB17-01E4C05405EA}.Debug|Any CPU.Build.0 = Debug|Any CPU
		{BBCFA076-0FED-4851-AB17-01E4C05405EA}.Release|Any CPU.ActiveCfg = Release|Any CPU
		{BBCFA076-0FED-4851-AB17-01E4C05405EA}.Release|Any CPU.Build.0 = Release|Any CPU
		{0B1D1B0B-6ABA-4599-8EB3-710624AE53A9}.Debug|Any CPU.ActiveCfg = Debug|Any CPU
		{0B1D1B0B-6ABA-4599-8EB3-710624AE53A9}.Debug|Any CPU.Build.0 = Debug|Any CPU
		{0B1D1B0B-6ABA-4599-8EB3-710624AE53A9}.Release|Any CPU.ActiveCfg = Release|Any CPU
		{0B1D1B0B-6ABA-4599-8EB3-710624AE53A9}.Release|Any CPU.Build.0 = Release|Any CPU
		{27A410F9-A2E3-4754-A964-A07B9B6FC0D7}.Debug|Any CPU.ActiveCfg = Debug|Any CPU
		{27A410F9-A2E3-4754-A964-A07B9B6FC0D7}.Debug|Any CPU.Build.0 = Debug|Any CPU
		{27A410F9-A2E3-4754-A964-A07B9B6FC0D7}.Release|Any CPU.ActiveCfg = Release|Any CPU
		{27A410F9-A2E3-4754-A964-A07B9B6FC0D7}.Release|Any CPU.Build.0 = Release|Any CPU
		{695E8374-0A20-4DBC-A01B-1F645C3B9AA1}.Debug|Any CPU.ActiveCfg = Debug|Any CPU
		{695E8374-0A20-4DBC-A01B-1F645C3B9AA1}.Debug|Any CPU.Build.0 = Debug|Any CPU
		{695E8374-0A20-4DBC-A01B-1F645C3B9AA1}.Release|Any CPU.ActiveCfg = Release|Any CPU
		{695E8374-0A20-4DBC-A01B-1F645C3B9AA1}.Release|Any CPU.Build.0 = Release|Any CPU
		{BB8B5A53-5911-4572-8092-713FD71C6CFD}.Debug|Any CPU.ActiveCfg = Debug|Any CPU
		{BB8B5A53-5911-4572-8092-713FD71C6CFD}.Debug|Any CPU.Build.0 = Debug|Any CPU
		{BB8B5A53-5911-4572-8092-713FD71C6CFD}.Release|Any CPU.ActiveCfg = Release|Any CPU
		{BB8B5A53-5911-4572-8092-713FD71C6CFD}.Release|Any CPU.Build.0 = Release|Any CPU
		{D2E29F08-5FB4-419B-9B78-30A7F2661184}.Debug|Any CPU.ActiveCfg = Debug|Any CPU
		{D2E29F08-5FB4-419B-9B78-30A7F2661184}.Debug|Any CPU.Build.0 = Debug|Any CPU
		{D2E29F08-5FB4-419B-9B78-30A7F2661184}.Release|Any CPU.ActiveCfg = Release|Any CPU
		{D2E29F08-5FB4-419B-9B78-30A7F2661184}.Release|Any CPU.Build.0 = Release|Any CPU
		{BDCBDCC7-C4FD-45E4-8E60-E6A7708FFBF1}.Debug|Any CPU.ActiveCfg = Debug|Any CPU
		{BDCBDCC7-C4FD-45E4-8E60-E6A7708FFBF1}.Debug|Any CPU.Build.0 = Debug|Any CPU
		{BDCBDCC7-C4FD-45E4-8E60-E6A7708FFBF1}.Release|Any CPU.ActiveCfg = Release|Any CPU
		{BDCBDCC7-C4FD-45E4-8E60-E6A7708FFBF1}.Release|Any CPU.Build.0 = Release|Any CPU
	EndGlobalSection
	GlobalSection(SolutionProperties) = preSolution
		HideSolutionNode = FALSE
	EndGlobalSection
	GlobalSection(NestedProjects) = preSolution
		{28ED4035-DA1B-4568-98EB-5A3E61D97D9E} = {DBFFA3E3-BD7F-4C25-A6AF-275B4F30A75A}
		{6F71C658-3903-4774-8B59-D5F8BB2EC94E} = {28ED4035-DA1B-4568-98EB-5A3E61D97D9E}
		{5A4B7836-9DB3-41D8-B4F7-83655661E0DE} = {6F71C658-3903-4774-8B59-D5F8BB2EC94E}
		{E95768AC-8CE3-4EE4-B41D-FD5FDBA37720} = {DBFFA3E3-BD7F-4C25-A6AF-275B4F30A75A}
		{167C97AC-0CB4-4D0F-9721-9B226DDE769E} = {E95768AC-8CE3-4EE4-B41D-FD5FDBA37720}
		{D8AA38D3-D428-412B-9BED-A473087B4DA9} = {167C97AC-0CB4-4D0F-9721-9B226DDE769E}
		{DDC13E8E-3939-4278-80E7-87CBBBD8A191} = {DBFFA3E3-BD7F-4C25-A6AF-275B4F30A75A}
		{3806383E-F3B0-47E7-92FF-5AF3F58AD062} = {DDC13E8E-3939-4278-80E7-87CBBBD8A191}
		{BBCFA076-0FED-4851-AB17-01E4C05405EA} = {3806383E-F3B0-47E7-92FF-5AF3F58AD062}
		{B6A1D687-C8BE-4C62-A130-3125C038EC95} = {DBFFA3E3-BD7F-4C25-A6AF-275B4F30A75A}
		{38C7AB8D-3094-4982-B1E2-7A6875A7A8F9} = {B6A1D687-C8BE-4C62-A130-3125C038EC95}
		{0B1D1B0B-6ABA-4599-8EB3-710624AE53A9} = {38C7AB8D-3094-4982-B1E2-7A6875A7A8F9}
		{5412BF72-D8D1-4054-BEB8-D2A792EAC614} = {DBFFA3E3-BD7F-4C25-A6AF-275B4F30A75A}
		{452A02F9-A6AF-4793-B8A9-09629A9ED80F} = {5412BF72-D8D1-4054-BEB8-D2A792EAC614}
		{27A410F9-A2E3-4754-A964-A07B9B6FC0D7} = {452A02F9-A6AF-4793-B8A9-09629A9ED80F}
		{64110773-1429-459D-8106-19131DD1A879} = {DBFFA3E3-BD7F-4C25-A6AF-275B4F30A75A}
		{96115665-1FD9-4B20-B504-6D3039B04542} = {64110773-1429-459D-8106-19131DD1A879}
		{695E8374-0A20-4DBC-A01B-1F645C3B9AA1} = {96115665-1FD9-4B20-B504-6D3039B04542}
		{E8F960CA-C4EE-4596-BE75-285041A657F3} = {DBFFA3E3-BD7F-4C25-A6AF-275B4F30A75A}
		{53B9E51D-1BD7-4F3A-9DFB-2BD7FB7E43A7} = {E8F960CA-C4EE-4596-BE75-285041A657F3}
		{BB8B5A53-5911-4572-8092-713FD71C6CFD} = {53B9E51D-1BD7-4F3A-9DFB-2BD7FB7E43A7}
		{FF4471BB-8D27-42D3-A02D-386931CB18ED} = {DBFFA3E3-BD7F-4C25-A6AF-275B4F30A75A}
		{F690E0BD-3BEC-4952-A5A9-09CB91049927} = {FF4471BB-8D27-42D3-A02D-386931CB18ED}
		{D2E29F08-5FB4-419B-9B78-30A7F2661184} = {F690E0BD-3BEC-4952-A5A9-09CB91049927}
		{0B60CEB5-E789-4E2E-BC22-5F82B715982E} = {DBFFA3E3-BD7F-4C25-A6AF-275B4F30A75A}
		{4C9D0C93-0A51-449E-A072-DC7668A8D39D} = {0B60CEB5-E789-4E2E-BC22-5F82B715982E}
		{BDCBDCC7-C4FD-45E4-8E60-E6A7708FFBF1} = {4C9D0C93-0A51-449E-A072-DC7668A8D39D}
	EndGlobalSection
	GlobalSection(ExtensibilityGlobals) = postSolution
		SolutionGuid = {9E487A2E-DD33-474F-96E4-BB0D98A72A59}
	EndGlobalSection
EndGlobal
